
Microsoft Visual Studio Solution File, Format Version 12.00
# Visual Studio Version 17
VisualStudioVersion = 17.6.33717.318
MinimumVisualStudioVersion = 10.0.40219.1
Project("{FAE04EC0-301F-11D3-BF4B-00C04F79EFBC}") = "Presentation", "Presentation\Presentation.csproj", "{7B99C7C8-F235-40BA-BDD4-370FA843A231}"
EndProject
Project("{FAE04EC0-301F-11D3-BF4B-00C04F79EFBC}") = "DataAccess", "DataAccess\DataAccess.csproj", "{6C3B7F21-7CAB-47D4-81DC-7DEB820D0984}"
EndProject
Project("{FAE04EC0-301F-11D3-BF4B-00C04F79EFBC}") = "Entities", "Entities\Entities.csproj", "{168FFD3B-729C-4D06-83FE-59BC91676CF3}"
EndProject
Project("{FAE04EC0-301F-11D3-BF4B-00C04F79EFBC}") = "BusinessLogic", "BusinessLogic\BusinessLogic.csproj", "{2D4758C4-D8C1-4AC8-BD7F-F8A823F6C979}"
EndProject
Global
	GlobalSection(SolutionConfigurationPlatforms) = preSolution
		Debug|Any CPU = Debug|Any CPU
		Release|Any CPU = Release|Any CPU
	EndGlobalSection
	GlobalSection(ProjectConfigurationPlatforms) = postSolution
		{7B99C7C8-F235-40BA-BDD4-370FA843A231}.Debug|Any CPU.ActiveCfg = Debug|Any CPU
		{7B99C7C8-F235-40BA-BDD4-370FA843A231}.Debug|Any CPU.Build.0 = Debug|Any CPU
		{7B99C7C8-F235-40BA-BDD4-370FA843A231}.Release|Any CPU.ActiveCfg = Release|Any CPU
		{7B99C7C8-F235-40BA-BDD4-370FA843A231}.Release|Any CPU.Build.0 = Release|Any CPU
		{6C3B7F21-7CAB-47D4-81DC-7DEB820D0984}.Debug|Any CPU.ActiveCfg = Debug|Any CPU
		{6C3B7F21-7CAB-47D4-81DC-7DEB820D0984}.Debug|Any CPU.Build.0 = Debug|Any CPU
		{6C3B7F21-7CAB-47D4-81DC-7DEB820D0984}.Release|Any CPU.ActiveCfg = Release|Any CPU
		{6C3B7F21-7CAB-47D4-81DC-7DEB820D0984}.Release|Any CPU.Build.0 = Release|Any CPU
		{168FFD3B-729C-4D06-83FE-59BC91676CF3}.Debug|Any CPU.ActiveCfg = Debug|Any CPU
		{168FFD3B-729C-4D06-83FE-59BC91676CF3}.Debug|Any CPU.Build.0 = Debug|Any CPU
		{168FFD3B-729C-4D06-83FE-59BC91676CF3}.Release|Any CPU.ActiveCfg = Release|Any CPU
		{168FFD3B-729C-4D06-83FE-59BC91676CF3}.Release|Any CPU.Build.0 = Release|Any CPU
		{2D4758C4-D8C1-4AC8-BD7F-F8A823F6C979}.Debug|Any CPU.ActiveCfg = Debug|Any CPU
		{2D4758C4-D8C1-4AC8-BD7F-F8A823F6C979}.Debug|Any CPU.Build.0 = Debug|Any CPU
		{2D4758C4-D8C1-4AC8-BD7F-F8A823F6C979}.Release|Any CPU.ActiveCfg = Release|Any CPU
		{2D4758C4-D8C1-4AC8-BD7F-F8A823F6C979}.Release|Any CPU.Build.0 = Release|Any CPU
	EndGlobalSection
	GlobalSection(SolutionProperties) = preSolution
		HideSolutionNode = FALSE
	EndGlobalSection
	GlobalSection(ExtensibilityGlobals) = postSolution
		SolutionGuid = {CCB9BF59-676E-4817-92E1-AC59430305E0}
	EndGlobalSection
EndGlobal
